
Microsoft Visual Studio Solution File, Format Version 12.00
# Visual Studio 15
VisualStudioVersion = 15.0.26730.3
MinimumVisualStudioVersion = 10.0.40219.1
Project("{FAE04EC0-301F-11D3-BF4B-00C04F79EFBC}") = "BelovLab", "BelovLab\BelovLab.csproj", "{4186BC24-DAC0-46E6-86C1-8844C33427C1}"
EndProject
Project("{FAE04EC0-301F-11D3-BF4B-00C04F79EFBC}") = "Zad2", "Zad2\Zad2.csproj", "{A20AC03D-A1BE-45EC-BA95-CE7B861F19BC}"
EndProject
Project("{FAE04EC0-301F-11D3-BF4B-00C04F79EFBC}") = "zad3", "zad3\zad3.csproj", "{C0E4855B-87A3-4B02-A07A-63A346656CCD}"
EndProject
Global
	GlobalSection(SolutionConfigurationPlatforms) = preSolution
		Debug|Any CPU = Debug|Any CPU
		Release|Any CPU = Release|Any CPU
	EndGlobalSection
	GlobalSection(ProjectConfigurationPlatforms) = postSolution
		{4186BC24-DAC0-46E6-86C1-8844C33427C1}.Debug|Any CPU.ActiveCfg = Debug|Any CPU
		{4186BC24-DAC0-46E6-86C1-8844C33427C1}.Debug|Any CPU.Build.0 = Debug|Any CPU
		{4186BC24-DAC0-46E6-86C1-8844C33427C1}.Release|Any CPU.ActiveCfg = Release|Any CPU
		{4186BC24-DAC0-46E6-86C1-8844C33427C1}.Release|Any CPU.Build.0 = Release|Any CPU
		{A20AC03D-A1BE-45EC-BA95-CE7B861F19BC}.Debug|Any CPU.ActiveCfg = Debug|Any CPU
		{A20AC03D-A1BE-45EC-BA95-CE7B861F19BC}.Debug|Any CPU.Build.0 = Debug|Any CPU
		{A20AC03D-A1BE-45EC-BA95-CE7B861F19BC}.Release|Any CPU.ActiveCfg = Release|Any CPU
		{A20AC03D-A1BE-45EC-BA95-CE7B861F19BC}.Release|Any CPU.Build.0 = Release|Any CPU
		{C0E4855B-87A3-4B02-A07A-63A346656CCD}.Debug|Any CPU.ActiveCfg = Debug|Any CPU
		{C0E4855B-87A3-4B02-A07A-63A346656CCD}.Debug|Any CPU.Build.0 = Debug|Any CPU
		{C0E4855B-87A3-4B02-A07A-63A346656CCD}.Release|Any CPU.ActiveCfg = Release|Any CPU
		{C0E4855B-87A3-4B02-A07A-63A346656CCD}.Release|Any CPU.Build.0 = Release|Any CPU
	EndGlobalSection
	GlobalSection(SolutionProperties) = preSolution
		HideSolutionNode = FALSE
	EndGlobalSection
	GlobalSection(ExtensibilityGlobals) = postSolution
		SolutionGuid = {6B00FE76-F21B-4E06-BA50-DD364134E07F}
	EndGlobalSection
EndGlobal
